
Microsoft Visual Studio Solution File, Format Version 12.00
# Visual Studio Version 16
VisualStudioVersion = 16.0.29102.190
MinimumVisualStudioVersion = 10.0.40219.1
Project("{9A19103F-16F7-4668-BE54-9A1E7A4F7556}") = "AWJ.ProfanityFilter", "AWJ.ProfanityFilter\AWJ.ProfanityFilter.csproj", "{09EABB02-BFCE-4D83-84BB-B74B7AE76B8F}"
EndProject
Project("{FAE04EC0-301F-11D3-BF4B-00C04F79EFBC}") = "AWJ.ProfanityFilter.Tests", "AWJ.ProfanityFilter.Tests\AWJ.ProfanityFilter.Tests.csproj", "{8B40876B-DCAB-4988-9E6E-54D139FBDC4B}"
	ProjectSection(ProjectDependencies) = postProject
		{09EABB02-BFCE-4D83-84BB-B74B7AE76B8F} = {09EABB02-BFCE-4D83-84BB-B74B7AE76B8F}
	EndProjectSection
EndProject
Global
	GlobalSection(SolutionConfigurationPlatforms) = preSolution
		Debug|Any CPU = Debug|Any CPU
		Release|Any CPU = Release|Any CPU
	EndGlobalSection
	GlobalSection(ProjectConfigurationPlatforms) = postSolution
		{09EABB02-BFCE-4D83-84BB-B74B7AE76B8F}.Debug|Any CPU.ActiveCfg = Debug|Any CPU
		{09EABB02-BFCE-4D83-84BB-B74B7AE76B8F}.Debug|Any CPU.Build.0 = Debug|Any CPU
		{09EABB02-BFCE-4D83-84BB-B74B7AE76B8F}.Release|Any CPU.ActiveCfg = Release|Any CPU
		{09EABB02-BFCE-4D83-84BB-B74B7AE76B8F}.Release|Any CPU.Build.0 = Release|Any CPU
		{8B40876B-DCAB-4988-9E6E-54D139FBDC4B}.Debug|Any CPU.ActiveCfg = Debug|Any CPU
		{8B40876B-DCAB-4988-9E6E-54D139FBDC4B}.Debug|Any CPU.Build.0 = Debug|Any CPU
		{8B40876B-DCAB-4988-9E6E-54D139FBDC4B}.Release|Any CPU.ActiveCfg = Release|Any CPU
		{8B40876B-DCAB-4988-9E6E-54D139FBDC4B}.Release|Any CPU.Build.0 = Release|Any CPU
	EndGlobalSection
	GlobalSection(SolutionProperties) = preSolution
		HideSolutionNode = FALSE
	EndGlobalSection
	GlobalSection(ExtensibilityGlobals) = postSolution
		SolutionGuid = {43379E58-DD17-47CD-AE48-4B9CFC143EDB}
	EndGlobalSection
EndGlobal
